
Microsoft Visual Studio Solution File, Format Version 12.00
# Visual Studio Version 17
VisualStudioVersion = 17.6.33801.468
MinimumVisualStudioVersion = 10.0.40219.1
Project("{8BC9CEB8-8B4A-11D0-8D11-00A0C91BC942}") = "DownloadTool", "DownloadTool.vcxproj", "{B0FD54F5-BA75-4A2D-BF84-74E1B6545A45}"
EndProject
Global
	GlobalSection(SolutionConfigurationPlatforms) = preSolution
		Debug|x64 = Debug|x64
		Debug|x86 = Debug|x86
		Release|x64 = Release|x64
		Release|x86 = Release|x86
	EndGlobalSection
	GlobalSection(ProjectConfigurationPlatforms) = postSolution
		{B0FD54F5-BA75-4A2D-BF84-74E1B6545A45}.Debug|x64.ActiveCfg = Debug|x64
		{B0FD54F5-BA75-4A2D-BF84-74E1B6545A45}.Debug|x64.Build.0 = Debug|x64
		{B0FD54F5-BA75-4A2D-BF84-74E1B6545A45}.Debug|x86.ActiveCfg = Debug|Win32
		{B0FD54F5-BA75-4A2D-BF84-74E1B6545A45}.Debug|x86.Build.0 = Debug|Win32
		{B0FD54F5-BA75-4A2D-BF84-74E1B6545A45}.Release|x64.ActiveCfg = Release|x64
		{B0FD54F5-BA75-4A2D-BF84-74E1B6545A45}.Release|x64.Build.0 = Release|x64
		{B0FD54F5-BA75-4A2D-BF84-74E1B6545A45}.Release|x86.ActiveCfg = Release|Win32
		{B0FD54F5-BA75-4A2D-BF84-74E1B6545A45}.Release|x86.Build.0 = Release|Win32
	EndGlobalSection
	GlobalSection(SolutionProperties) = preSolution
		HideSolutionNode = FALSE
	EndGlobalSection
	GlobalSection(ExtensibilityGlobals) = postSolution
		SolutionGuid = {F46F1CC4-3537-42DC-A471-D8FF5E4F9933}
	EndGlobalSection
EndGlobal
